
Microsoft Visual Studio Solution File, Format Version 12.00
# Visual Studio Version 17
VisualStudioVersion = 17.2.32516.85
MinimumVisualStudioVersion = 10.0.40219.1
Project("{FAE04EC0-301F-11D3-BF4B-00C04F79EFBC}") = "SplitString", "SplitString\SplitString.csproj", "{9094AFE4-3736-45E5-8018-92419CCF7780}"
EndProject
Global
	GlobalSection(SolutionConfigurationPlatforms) = preSolution
		Debug|Any CPU = Debug|Any CPU
		Release|Any CPU = Release|Any CPU
	EndGlobalSection
	GlobalSection(ProjectConfigurationPlatforms) = postSolution
		{9094AFE4-3736-45E5-8018-92419CCF7780}.Debug|Any CPU.ActiveCfg = Debug|Any CPU
		{9094AFE4-3736-45E5-8018-92419CCF7780}.Debug|Any CPU.Build.0 = Debug|Any CPU
		{9094AFE4-3736-45E5-8018-92419CCF7780}.Release|Any CPU.ActiveCfg = Release|Any CPU
		{9094AFE4-3736-45E5-8018-92419CCF7780}.Release|Any CPU.Build.0 = Release|Any CPU
	EndGlobalSection
	GlobalSection(SolutionProperties) = preSolution
		HideSolutionNode = FALSE
	EndGlobalSection
	GlobalSection(ExtensibilityGlobals) = postSolution
		SolutionGuid = {B5B187FA-20CF-4AC6-B55C-90A88596F2BA}
	EndGlobalSection
EndGlobal
